PODS:
  - Alamofire (5.6.2)
  - CDFInitialsAvatar (1.0.4)
  - HandyJSON (5.0.2)
  - IKEventSource (3.0.1)
  - LDSwiftEventSource (3.0.0)
  - SDWebImage (5.13.5):
    - SDWebImage/Core (= 5.13.5)
  - SDWebImage/Core (5.13.5)
  - SnapKit (5.6.0)
  - Toast-Swift (5.0.1)
  - VoceChat (0.1.0):
    - Alamofire (~> 5.6.2)
    - HandyJSON (~> 5.0.2)
    - IKEventSource (~> 3.0.1)
    - LDSwiftEventSource (~> 3.0)
    - Toast-Swift (~> 5.0.1)
  - WoodPeckeriOS (1.3.3)

DEPENDENCIES:
  - CDFInitialsAvatar
  - SDWebImage
  - SnapKit
  - VoceChat (from `../`)
  - WoodPeckeriOS

SPEC REPOS:
  trunk:
    - Alamofire
    - CDFInitialsAvatar
    - HandyJSON
    - IKEventSource
    - LDSwiftEventSource
    - SDWebImage
    - SnapKit
    - Toast-Swift
    - WoodPeckeriOS

EXTERNAL SOURCES:
  VoceChat:
    :path: "../"

SPEC CHECKSUMS:
  Alamofire: d368e1ff8a298e6dde360e35a3e68e6c610e7204
  CDFInitialsAvatar: db58862ce67b1b1409e24d5c19d0efb2a8e62491
  HandyJSON: 9e4e236f5d2dbefad5155a77417bbea438201c03
  IKEventSource: ababa323587c6b0c250dd54d4a48ab68fd845e8e
  LDSwiftEventSource: 824ce51a4fa8e79498c9b67ae672bfa802bd7464
  SDWebImage: 23d714cd599354ee7906dbae26dff89b421c4370
  SnapKit: e01d52ebb8ddbc333eefe2132acf85c8227d9c25
  Toast-Swift: 9b6a70f28b3bf0b96c40d46c0c4b9d6639846711
  VoceChat: c5c274b83d4b7d43e26a688fa2c8396e269c7c70
  WoodPeckeriOS: 6c067b9de7c2d4143ec1c66bac5aa2120327f759

PODFILE CHECKSUM: d3e1b8d174b1e2329f9485c7aa35771e95f360f7

COCOAPODS: 1.11.3
